PODS:
  - LWWebUI (0.1.0):
    - Masonry
  - Masonry (1.1.0)

DEPENDENCIES:
  - LWWebUI (from `../`)

SPEC REPOS:
  trunk:
    - Masonry

EXTERNAL SOURCES:
  LWWebUI:
    :path: "../"

SPEC CHECKSUMS:
  LWWebUI: a98bf858da6dd5ec1aa0804fa475849aae9e85b5
  Masonry: 678fab65091a9290e40e2832a55e7ab731aad201

PODFILE CHECKSUM: dc2be24ef01b31ae360acbcd831a1e432d0de925

COCOAPODS: 1.8.4
