PODS:
  - libLWWebUI (0.1.0):
    - Masonry
  - Masonry (1.1.0)

DEPENDENCIES:
  - libLWWebUI (from `../`)

SPEC REPOS:
  https://github.com/cocoapods/specs.git:
    - Masonry

EXTERNAL SOURCES:
  libLWWebUI:
    :path: "../"

SPEC CHECKSUMS:
  libLWWebUI: 6892ad88d884044f950096e5e938eaceb917da98
  Masonry: 678fab65091a9290e40e2832a55e7ab731aad201

PODFILE CHECKSUM: 33096005a759fa2197f69f34aeca012d6f6c4659

COCOAPODS: 1.5.3
